<?xml version="1.0" encoding="utf-8"?>
<Project ToolsVersion="4.0" xmlns="http://schemas.microsoft.com/developer/msbuild/2003">
  <ItemGroup>
    <Filter Include="Source Files">
      <UniqueIdentifier>{4FC737F1-C7A5-4376-A066-2A32D752A2FF}</UniqueIdentifier>
      <Extensions>cpp;c;cc;cxx;def;odl;idl;hpj;bat;asm;asmx</Extensions>
    </Filter>
    <Filter Include="Header Files">
      <UniqueIdentifier>{93995380-89BD-4b04-88EB-625FBE52EBFB}</UniqueIdentifier>
      <Extensions>h;hh;hpp;hxx;hm;inl;inc;ipp;xsd</Extensions>
    </Filter>
    <Filter Include="Resource Files">
      <UniqueIdentifier>{67DA6AB6-F800-4c08-8B7A-83BB121AAD01}</UniqueIdentifier>
      <Extensions>rc;ico;cur;bmp;dlg;rc2;rct;bin;rgs;gif;jpg;jpeg;jpe;resx;tiff;tif;png;wav;mfcribbon-ms</Extensions>
    </Filter>
    <Filter Include="Source Files\Formats">
      <UniqueIdentifier>{2eb61d86-0d6a-4be4-b55a-60bfd7ecff1d}</UniqueIdentifier>
    </Filter>
    <Filter Include="Source Files\Commands">
      <UniqueIdentifier>{d9af3841-c775-4910-8e58-5fd0542ccc2e}</UniqueIdentifier>
    </Filter>
    <Filter Include="Source Files\Data">
      <UniqueIdentifier>{96479dc1-c1ef-4f94-88d7-805bd0dd13aa}</UniqueIdentifier>
    </Filter>
    <Filter Include="Source Files\Auxillary">
      <UniqueIdentifier>{ef7cbc17-9b64-4067-be95-63b57560daad}</UniqueIdentifier>
    </Filter>
    <Filter Include="Source Files\Parser">
      <UniqueIdentifier>{9b33cb94-c01f-4141-b530-cf4cf811ffae}</UniqueIdentifier>
    </Filter>
  </ItemGroup>
  <ItemGroup>
    <ClCompile Include="SICXEAssembler.cpp">
      <Filter>Source Files</Filter>
    </ClCompile>
    <ClCompile Include="Format3.cpp">
      <Filter>Source Files\Formats</Filter>
    </ClCompile>
    <ClCompile Include="Format4.cpp">
      <Filter>Source Files\Formats</Filter>
    </ClCompile>
    <ClCompile Include="Format2.cpp">
      <Filter>Source Files\Formats</Filter>
    </ClCompile>
    <ClCompile Include="toHexa.cpp">
      <Filter>Source Files\Commands</Filter>
    </ClCompile>
    <ClCompile Include="findFlags.cpp">
      <Filter>Source Files\Commands</Filter>
    </ClCompile>
    <ClCompile Include="StaticTables.cpp">
      <Filter>Source Files\Data</Filter>
    </ClCompile>
    <ClCompile Include="FormatChecker.cpp">
      <Filter>Source Files\Formats</Filter>
    </ClCompile>
    <ClCompile Include="LegalFlagsCombinations.cpp">
      <Filter>Source Files\Data</Filter>
    </ClCompile>
    <ClCompile Include="symbolTable.cpp">
      <Filter>Source Files\Data</Filter>
    </ClCompile>
    <ClCompile Include="SYMTable.cpp">
      <Filter>Source Files\Data</Filter>
    </ClCompile>
    <ClCompile Include="Transitions.cpp">
      <Filter>Source Files\Auxillary</Filter>
    </ClCompile>
    <ClCompile Include="ReadFromFile.cpp">
      <Filter>Source Files\Auxillary</Filter>
    </ClCompile>
    <ClCompile Include="Parsing.cpp">
      <Filter>Source Files\Parser</Filter>
    </ClCompile>
    <ClCompile Include="MakeAddress.cpp">
      <Filter>Source Files\Parser</Filter>
    </ClCompile>
    <ClCompile Include="FinalTable.cpp">
      <Filter>Source Files\Data</Filter>
    </ClCompile>
    <ClCompile Include="DynamicTables.cpp">
      <Filter>Source Files\Data</Filter>
    </ClCompile>
    <ClCompile Include="Controller.cpp">
      <Filter>Source Files</Filter>
    </ClCompile>
  </ItemGroup>
  <ItemGroup>
    <ClInclude Include="Format.h">
      <Filter>Header Files</Filter>
    </ClInclude>
    <ClInclude Include="Command.h">
      <Filter>Header Files</Filter>
    </ClInclude>
    <ClInclude Include="StaticTables.h">
      <Filter>Header Files</Filter>
    </ClInclude>
    <ClInclude Include="LegalFlagsCombinations.h">
      <Filter>Header Files</Filter>
    </ClInclude>
    <ClInclude Include="FormatChecker.h">
      <Filter>Header Files</Filter>
    </ClInclude>
    <ClInclude Include="symbolTable.h">
      <Filter>Header Files</Filter>
    </ClInclude>
    <ClInclude Include="Auxillary.h">
      <Filter>Header Files</Filter>
    </ClInclude>
    <ClInclude Include="ReadFromFile.h">
      <Filter>Header Files</Filter>
    </ClInclude>
    <ClInclude Include="Parsing.h">
      <Filter>Header Files</Filter>
    </ClInclude>
    <ClInclude Include="MakeAddress.h">
      <Filter>Header Files</Filter>
    </ClInclude>
    <ClInclude Include="FinalTable.h">
      <Filter>Header Files</Filter>
    </ClInclude>
    <ClInclude Include="DynamicTables.h">
      <Filter>Header Files</Filter>
    </ClInclude>
    <ClInclude Include="Controller.h">
      <Filter>Header Files</Filter>
    </ClInclude>
  </ItemGroup>
</Project>